
Microsoft Visual Studio Solution File, Format Version 12.00
# Visual Studio Version 17
VisualStudioVersion = 17.5.33414.496
MinimumVisualStudioVersion = 10.0.40219.1
Project("{2150E333-8FDC-42A3-9474-1A3956D46DE8}") = "src", "src", "{984531E7-DD20-4D86-8269-C85E754E3170}"
EndProject
Project("{2150E333-8FDC-42A3-9474-1A3956D46DE8}") = "test", "test", "{07E98942-0730-4EB9-8FA5-1DF9E1E4F3F5}"
EndProject
Project("{2150E333-8FDC-42A3-9474-1A3956D46DE8}") = "Core", "Core", "{43FC5B35-52CF-40E6-9959-0C9865612E51}"
EndProject
Project("{2150E333-8FDC-42A3-9474-1A3956D46DE8}") = "Infrastructure", "Infrastructure", "{085D9AE8-3595-4C48-8A6E-3C91654B6294}"
EndProject
Project("{2150E333-8FDC-42A3-9474-1A3956D46DE8}") = "UI", "UI", "{27506E2D-FA77-4A1F-9E36-9F69FE623CFA}"
EndProject
Project("{9A19103F-16F7-4668-BE54-9A1E7A4F7556}") = "MyQuizlet.Persistence", "MyQuizlet.Persistence\MyQuizlet.Persistence.csproj", "{D3D041AE-A8AB-4F85-9C45-9A572C3A0AB2}"
EndProject
Project("{9A19103F-16F7-4668-BE54-9A1E7A4F7556}") = "MyQuizlet.Domain", "MyQuizlet.Domain\MyQuizlet.Domain.csproj", "{EFFF6E9B-D4AF-4C69-8221-BC742CE59878}"
EndProject
Project("{9A19103F-16F7-4668-BE54-9A1E7A4F7556}") = "MyQuizlet.Web", "MyQuizlet.Web\MyQuizlet.Web.csproj", "{03B7E1E5-D5A5-4E66-9D26-079BF963D305}"
EndProject
Project("{9A19103F-16F7-4668-BE54-9A1E7A4F7556}") = "MyQuizlet.Application", "MyQuizlet.Application\MyQuizlet.Application.csproj", "{012F14D6-6A7F-4A22-A8F2-35F6437B4EAE}"
EndProject
Project("{9A19103F-16F7-4668-BE54-9A1E7A4F7556}") = "MyQuizlet.Infrastructure", "MyQuizlet.Infrastructure\MyQuizlet.Infrastructure.csproj", "{7280BD11-8381-4679-8D26-AE00D1663935}"
EndProject
Project("{FAE04EC0-301F-11D3-BF4B-00C04F79EFBC}") = "MyQuizlet.API", "MyQuizlet.API\MyQuizlet.API.csproj", "{1ACCA30F-CAD4-4CA1-9D70-3CCC5058A99D}"
EndProject
Global
	GlobalSection(SolutionConfigurationPlatforms) = preSolution
		Debug|Any CPU = Debug|Any CPU
		Release|Any CPU = Release|Any CPU
	EndGlobalSection
	GlobalSection(ProjectConfigurationPlatforms) = postSolution
		{D3D041AE-A8AB-4F85-9C45-9A572C3A0AB2}.Debug|Any CPU.ActiveCfg = Debug|Any CPU
		{D3D041AE-A8AB-4F85-9C45-9A572C3A0AB2}.Debug|Any CPU.Build.0 = Debug|Any CPU
		{D3D041AE-A8AB-4F85-9C45-9A572C3A0AB2}.Release|Any CPU.ActiveCfg = Release|Any CPU
		{D3D041AE-A8AB-4F85-9C45-9A572C3A0AB2}.Release|Any CPU.Build.0 = Release|Any CPU
		{EFFF6E9B-D4AF-4C69-8221-BC742CE59878}.Debug|Any CPU.ActiveCfg = Debug|Any CPU
		{EFFF6E9B-D4AF-4C69-8221-BC742CE59878}.Debug|Any CPU.Build.0 = Debug|Any CPU
		{EFFF6E9B-D4AF-4C69-8221-BC742CE59878}.Release|Any CPU.ActiveCfg = Release|Any CPU
		{EFFF6E9B-D4AF-4C69-8221-BC742CE59878}.Release|Any CPU.Build.0 = Release|Any CPU
		{03B7E1E5-D5A5-4E66-9D26-079BF963D305}.Debug|Any CPU.ActiveCfg = Debug|Any CPU
		{03B7E1E5-D5A5-4E66-9D26-079BF963D305}.Debug|Any CPU.Build.0 = Debug|Any CPU
		{03B7E1E5-D5A5-4E66-9D26-079BF963D305}.Release|Any CPU.ActiveCfg = Release|Any CPU
		{03B7E1E5-D5A5-4E66-9D26-079BF963D305}.Release|Any CPU.Build.0 = Release|Any CPU
		{012F14D6-6A7F-4A22-A8F2-35F6437B4EAE}.Debug|Any CPU.ActiveCfg = Debug|Any CPU
		{012F14D6-6A7F-4A22-A8F2-35F6437B4EAE}.Debug|Any CPU.Build.0 = Debug|Any CPU
		{012F14D6-6A7F-4A22-A8F2-35F6437B4EAE}.Release|Any CPU.ActiveCfg = Release|Any CPU
		{012F14D6-6A7F-4A22-A8F2-35F6437B4EAE}.Release|Any CPU.Build.0 = Release|Any CPU
		{7280BD11-8381-4679-8D26-AE00D1663935}.Debug|Any CPU.ActiveCfg = Debug|Any CPU
		{7280BD11-8381-4679-8D26-AE00D1663935}.Debug|Any CPU.Build.0 = Debug|Any CPU
		{7280BD11-8381-4679-8D26-AE00D1663935}.Release|Any CPU.ActiveCfg = Release|Any CPU
		{7280BD11-8381-4679-8D26-AE00D1663935}.Release|Any CPU.Build.0 = Release|Any CPU
		{1ACCA30F-CAD4-4CA1-9D70-3CCC5058A99D}.Debug|Any CPU.ActiveCfg = Debug|Any CPU
		{1ACCA30F-CAD4-4CA1-9D70-3CCC5058A99D}.Debug|Any CPU.Build.0 = Debug|Any CPU
		{1ACCA30F-CAD4-4CA1-9D70-3CCC5058A99D}.Release|Any CPU.ActiveCfg = Release|Any CPU
		{1ACCA30F-CAD4-4CA1-9D70-3CCC5058A99D}.Release|Any CPU.Build.0 = Release|Any CPU
	EndGlobalSection
	GlobalSection(SolutionProperties) = preSolution
		HideSolutionNode = FALSE
	EndGlobalSection
	GlobalSection(NestedProjects) = preSolution
		{43FC5B35-52CF-40E6-9959-0C9865612E51} = {984531E7-DD20-4D86-8269-C85E754E3170}
		{085D9AE8-3595-4C48-8A6E-3C91654B6294} = {984531E7-DD20-4D86-8269-C85E754E3170}
		{27506E2D-FA77-4A1F-9E36-9F69FE623CFA} = {984531E7-DD20-4D86-8269-C85E754E3170}
		{D3D041AE-A8AB-4F85-9C45-9A572C3A0AB2} = {085D9AE8-3595-4C48-8A6E-3C91654B6294}
		{EFFF6E9B-D4AF-4C69-8221-BC742CE59878} = {43FC5B35-52CF-40E6-9959-0C9865612E51}
		{03B7E1E5-D5A5-4E66-9D26-079BF963D305} = {27506E2D-FA77-4A1F-9E36-9F69FE623CFA}
		{012F14D6-6A7F-4A22-A8F2-35F6437B4EAE} = {43FC5B35-52CF-40E6-9959-0C9865612E51}
		{7280BD11-8381-4679-8D26-AE00D1663935} = {085D9AE8-3595-4C48-8A6E-3C91654B6294}
		{1ACCA30F-CAD4-4CA1-9D70-3CCC5058A99D} = {27506E2D-FA77-4A1F-9E36-9F69FE623CFA}
	EndGlobalSection
	GlobalSection(ExtensibilityGlobals) = postSolution
		SolutionGuid = {54BEA729-6B67-46E0-9A68-E50122B28B2C}
	EndGlobalSection
EndGlobal
